
Microsoft Visual Studio Solution File, Format Version 12.00
# Visual Studio 15
VisualStudioVersion = 15.0.28307.1585
MinimumVisualStudioVersion = 10.0.40219.1
Project("{FAE04EC0-301F-11D3-BF4B-00C04F79EFBC}") = "Testsolution2", "Testsolution2\Testsolution2.csproj", "{2B621819-394C-43B3-B82B-FFFD94C968A9}"
EndProject
Global
	GlobalSection(SolutionConfigurationPlatforms) = preSolution
		Debug|Any CPU = Debug|Any CPU
		Release|Any CPU = Release|Any CPU
	EndGlobalSection
	GlobalSection(ProjectConfigurationPlatforms) = postSolution
		{2B621819-394C-43B3-B82B-FFFD94C968A9}.Debug|Any CPU.ActiveCfg = Debug|Any CPU
		{2B621819-394C-43B3-B82B-FFFD94C968A9}.Debug|Any CPU.Build.0 = Debug|Any CPU
		{2B621819-394C-43B3-B82B-FFFD94C968A9}.Release|Any CPU.ActiveCfg = Release|Any CPU
		{2B621819-394C-43B3-B82B-FFFD94C968A9}.Release|Any CPU.Build.0 = Release|Any CPU
	EndGlobalSection
	GlobalSection(SolutionProperties) = preSolution
		HideSolutionNode = FALSE
	EndGlobalSection
	GlobalSection(ExtensibilityGlobals) = postSolution
		SolutionGuid = {A1494A82-FFA3-4623-BD38-0467DE45D122}
	EndGlobalSection
EndGlobal
